
Microsoft Visual Studio Solution File, Format Version 12.00
# Visual Studio Version 17
VisualStudioVersion = 17.14.37027.9 d17.14
MinimumVisualStudioVersion = 10.0.40219.1
Project("{FAE04EC0-301F-11D3-BF4B-00C04F79EFBC}") = "Banka Otomasyonu (ATM Sistemi)", "Banka Otomasyonu (ATM Sistemi)\Banka Otomasyonu (ATM Sistemi).csproj", "{285DD752-5C02-46AD-B7AF-03945427608B}"
EndProject
Global
	GlobalSection(SolutionConfigurationPlatforms) = preSolution
		Debug|Any CPU = Debug|Any CPU
		Release|Any CPU = Release|Any CPU
	EndGlobalSection
	GlobalSection(ProjectConfigurationPlatforms) = postSolution
		{285DD752-5C02-46AD-B7AF-03945427608B}.Debug|Any CPU.ActiveCfg = Debug|Any CPU
		{285DD752-5C02-46AD-B7AF-03945427608B}.Debug|Any CPU.Build.0 = Debug|Any CPU
		{285DD752-5C02-46AD-B7AF-03945427608B}.Release|Any CPU.ActiveCfg = Release|Any CPU
		{285DD752-5C02-46AD-B7AF-03945427608B}.Release|Any CPU.Build.0 = Release|Any CPU
	EndGlobalSection
	GlobalSection(SolutionProperties) = preSolution
		HideSolutionNode = FALSE
	EndGlobalSection
	GlobalSection(ExtensibilityGlobals) = postSolution
		SolutionGuid = {8CCED689-A261-42E6-8AE0-E0E72F6BCB1C}
	EndGlobalSection
EndGlobal
